
Microsoft Visual Studio Solution File, Format Version 12.00
# Visual Studio Version 17
VisualStudioVersion = 17.14.36221.1 d17.14
MinimumVisualStudioVersion = 10.0.40219.1
Project("{FAE04EC0-301F-11D3-BF4B-00C04F79EFBC}") = "Assignment 3 EFCore", "Assignment 3 EFCore\Assignment 3 EFCore.csproj", "{47070330-B683-4C66-9497-30822752B72F}"
EndProject
Global
	GlobalSection(SolutionConfigurationPlatforms) = preSolution
		Debug|Any CPU = Debug|Any CPU
		Release|Any CPU = Release|Any CPU
	EndGlobalSection
	GlobalSection(ProjectConfigurationPlatforms) = postSolution
		{47070330-B683-4C66-9497-30822752B72F}.Debug|Any CPU.ActiveCfg = Debug|Any CPU
		{47070330-B683-4C66-9497-30822752B72F}.Debug|Any CPU.Build.0 = Debug|Any CPU
		{47070330-B683-4C66-9497-30822752B72F}.Release|Any CPU.ActiveCfg = Release|Any CPU
		{47070330-B683-4C66-9497-30822752B72F}.Release|Any CPU.Build.0 = Release|Any CPU
	EndGlobalSection
	GlobalSection(SolutionProperties) = preSolution
		HideSolutionNode = FALSE
	EndGlobalSection
	GlobalSection(ExtensibilityGlobals) = postSolution
		SolutionGuid = {8E1F75E7-32BF-4333-A75E-236AAB79FCED}
	EndGlobalSection
EndGlobal
